// !$*UTF8*$!
{
	archiveVersion = 1;
	classes = {
	};
	objectVersion = 46;
	objects = {

/* Begin PBXBuildFile section */
		1300F5AC19BCB8F8006E8FD9 /* Gear_16x16x32.png in Resources */ = {isa = PBXBuildFile; fileRef = 1300F5AB19BCB8F8006E8FD9 /* Gear_16x16x32.png */; };
		1300F5E419BCE700006E8FD9 /* bg-texture.png in Resources */ = {isa = PBXBuildFile; fileRef = 1300F5AD19BCE700006E8FD9 /* bg-texture.png */; };
		1300F5E519BCE700006E8FD9 /* DBVCB01.png in Resources */ = {isa = PBXBuildFile; fileRef = 1300F5AE19BCE700006E8FD9 /* DBVCB01.png */; };
		1300F5E619BCE700006E8FD9 /* DVCB02.png in Resources */ = {isa = PBXBuildFile; fileRef = 1300F5AF19BCE700006E8FD9 /* DVCB02.png */; };
		1300F5E719BCE700006E8FD9 /* DVCB06.png in Resources */ = {isa = PBXBuildFile; fileRef = 1300F5B019BCE700006E8FD9 /* DVCB06.png */; };
		1300F5E819BCE700006E8FD9 /* DVCW03.png in Resources */ = {isa = PBXBuildFile; fileRef = 1300F5B119BCE700006E8FD9 /* DVCW03.png */; };
		1300F5E919BCE700006E8FD9 /* DVCW05.png in Resources */ = {isa = PBXBuildFile; fileRef = 1300F5B219BCE700006E8FD9 /* DVCW05.png */; };
		1300F5EA19BCE700006E8FD9 /* DVCW07.png in Resources */ = {isa = PBXBuildFile; fileRef = 1300F5B319BCE700006E8FD9 /* DVCW07.png */; };
		1300F5EB19BCE700006E8FD9 /* DVCW08.png in Resources */ = {isa = PBXBuildFile; fileRef = 1300F5B419BCE700006E8FD9 /* DVCW08.png */; };
		1300F5EC19BCE700006E8FD9 /* DWVCB01.png in Resources */ = {isa = PBXBuildFile; fileRef = 1300F5B519BCE700006E8FD9 /* DWVCB01.png */; };
		1300F5ED19BCE700006E8FD9 /* HBVCB01.png in Resources */ = {isa = PBXBuildFile; fileRef = 1300F5B619BCE700006E8FD9 /* HBVCB01.png */; };
		1300F5EE19BCE700006E8FD9 /* HVCB02.png in Resources */ = {isa = PBXBuildFile; fileRef = 1300F5B719BCE700006E8FD9 /* HVCB02.png */; };
		1300F5EF19BCE700006E8FD9 /* HVCB06.png in Resources */ = {isa = PBXBuildFile; fileRef = 1300F5B819BCE700006E8FD9 /* HVCB06.png */; };
		1300F5F019BCE700006E8FD9 /* HVCW03.png in Resources */ = {isa = PBXBuildFile; fileRef = 1300F5B919BCE700006E8FD9 /* HVCW03.png */; };
		1300F5F119BCE700006E8FD9 /* HVCW05.png in Resources */ = {isa = PBXBuildFile; fileRef = 1300F5BA19BCE700006E8FD9 /* HVCW05.png */; };
		1300F5F219BCE700006E8FD9 /* HVCW07.png in Resources */ = {isa = PBXBuildFile; fileRef = 1300F5BB19BCE700006E8FD9 /* HVCW07.png */; };
		1300F5F319BCE700006E8FD9 /* HVCW08.png in Resources */ = {isa = PBXBuildFile; fileRef = 1300F5BC19BCE700006E8FD9 /* HVCW08.png */; };
		1300F5F419BCE700006E8FD9 /* HWVCB01.png in Resources */ = {isa = PBXBuildFile; fileRef = 1300F5BD19BCE700006E8FD9 /* HWVCB01.png */; };
		1300F5F519BCE700006E8FD9 /* MBVCB01.png in Resources */ = {isa = PBXBuildFile; fileRef = 1300F5BF19BCE700006E8FD9 /* MBVCB01.png */; };
		1300F5F619BCE700006E8FD9 /* MVCB02.png in Resources */ = {isa = PBXBuildFile; fileRef = 1300F5C019BCE700006E8FD9 /* MVCB02.png */; };
		1300F5F719BCE700006E8FD9 /* MVCB06.png in Resources */ = {isa = PBXBuildFile; fileRef = 1300F5C119BCE700006E8FD9 /* MVCB06.png */; };
		1300F5F819BCE700006E8FD9 /* MVCW03.png in Resources */ = {isa = PBXBuildFile; fileRef = 1300F5C219BCE700006E8FD9 /* MVCW03.png */; };
		1300F5F919BCE700006E8FD9 /* MVCW05.png in Resources */ = {isa = PBXBuildFile; fileRef = 1300F5C319BCE700006E8FD9 /* MVCW05.png */; };
		1300F5FA19BCE700006E8FD9 /* MVCW07.png in Resources */ = {isa = PBXBuildFile; fileRef = 1300F5C419BCE700006E8FD9 /* MVCW07.png */; };
		1300F5FB19BCE700006E8FD9 /* MVCW08.png in Resources */ = {isa = PBXBuildFile; fileRef = 1300F5C519BCE700006E8FD9 /* MVCW08.png */; };
		1300F5FC19BCE700006E8FD9 /* MWVCB01.png in Resources */ = {isa = PBXBuildFile; fileRef = 1300F5C619BCE700006E8FD9 /* MWVCB01.png */; };
		1300F5FD19BCE700006E8FD9 /* MZClockControl.m in Sources */ = {isa = PBXBuildFile; fileRef = 1300F5C819BCE700006E8FD9 /* MZClockControl.m */; };
		1300F5FE19BCE700006E8FD9 /* MZClockControlCell.m in Sources */ = {isa = PBXBuildFile; fileRef = 1300F5CA19BCE700006E8FD9 /* MZClockControlCell.m */; };
		1300F5FF19BCE700006E8FD9 /* MZClockItem.m in Sources */ = {isa = PBXBuildFile; fileRef = 1300F5CC19BCE700006E8FD9 /* MZClockItem.m */; };
		1300F60019BCE700006E8FD9 /* NSDate+Tools.m in Sources */ = {isa = PBXBuildFile; fileRef = 1300F5CE19BCE700006E8FD9 /* NSDate+Tools.m */; };
		1300F60119BCE700006E8FD9 /* SBVCB01.png in Resources */ = {isa = PBXBuildFile; fileRef = 1300F5CF19BCE700006E8FD9 /* SBVCB01.png */; };
		1300F60219BCE700006E8FD9 /* SVCB02.png in Resources */ = {isa = PBXBuildFile; fileRef = 1300F5D019BCE700006E8FD9 /* SVCB02.png */; };
		1300F60319BCE700006E8FD9 /* SVCB06.png in Resources */ = {isa = PBXBuildFile; fileRef = 1300F5D119BCE700006E8FD9 /* SVCB06.png */; };
		1300F60419BCE700006E8FD9 /* SVCW03.png in Resources */ = {isa = PBXBuildFile; fileRef = 1300F5D219BCE700006E8FD9 /* SVCW03.png */; };
		1300F60519BCE700006E8FD9 /* SVCW05.png in Resources */ = {isa = PBXBuildFile; fileRef = 1300F5D319BCE700006E8FD9 /* SVCW05.png */; };
		1300F60619BCE700006E8FD9 /* SVCW07.png in Resources */ = {isa = PBXBuildFile; fileRef = 1300F5D419BCE700006E8FD9 /* SVCW07.png */; };
		1300F60719BCE700006E8FD9 /* SVCW08.png in Resources */ = {isa = PBXBuildFile; fileRef = 1300F5D519BCE700006E8FD9 /* SVCW08.png */; };
		1300F60819BCE700006E8FD9 /* SWVCB01.png in Resources */ = {isa = PBXBuildFile; fileRef = 1300F5D619BCE700006E8FD9 /* SWVCB01.png */; };
		1300F60919BCE700006E8FD9 /* tinybluelighton.png in Resources */ = {isa = PBXBuildFile; fileRef = 1300F5D719BCE700006E8FD9 /* tinybluelighton.png */; };
		1300F60A19BCE700006E8FD9 /* tinygreylighton.png in Resources */ = {isa = PBXBuildFile; fileRef = 1300F5D819BCE700006E8FD9 /* tinygreylighton.png */; };
		1300F60B19BCE700006E8FD9 /* tinyredlighton.png in Resources */ = {isa = PBXBuildFile; fileRef = 1300F5D919BCE700006E8FD9 /* tinyredlighton.png */; };
		1300F60C19BCE700006E8FD9 /* VCB01.png in Resources */ = {isa = PBXBuildFile; fileRef = 1300F5DA19BCE700006E8FD9 /* VCB01.png */; };
		1300F60D19BCE700006E8FD9 /* VCB02.png in Resources */ = {isa = PBXBuildFile; fileRef = 1300F5DB19BCE700006E8FD9 /* VCB02.png */; };
		1300F60E19BCE700006E8FD9 /* VCB06.png in Resources */ = {isa = PBXBuildFile; fileRef = 1300F5DC19BCE700006E8FD9 /* VCB06.png */; };
		1300F60F19BCE700006E8FD9 /* VCB07.png in Resources */ = {isa = PBXBuildFile; fileRef = 1300F5DD19BCE700006E8FD9 /* VCB07.png */; };
		1300F61019BCE700006E8FD9 /* VCW03.png in Resources */ = {isa = PBXBuildFile; fileRef = 1300F5DE19BCE700006E8FD9 /* VCW03.png */; };
		1300F61119BCE700006E8FD9 /* VCW04.png in Resources */ = {isa = PBXBuildFile; fileRef = 1300F5DF19BCE700006E8FD9 /* VCW04.png */; };
		1300F61219BCE700006E8FD9 /* VCW05.png in Resources */ = {isa = PBXBuildFile; fileRef = 1300F5E019BCE700006E8FD9 /* VCW05.png */; };
		1300F61319BCE700006E8FD9 /* VCW06.png in Resources */ = {isa = PBXBuildFile; fileRef = 1300F5E119BCE700006E8FD9 /* VCW06.png */; };
		1300F61419BCE700006E8FD9 /* VCW07.png in Resources */ = {isa = PBXBuildFile; fileRef = 1300F5E219BCE700006E8FD9 /* VCW07.png */; };
		1300F61519BCE700006E8FD9 /* VCW08.png in Resources */ = {isa = PBXBuildFile; fileRef = 1300F5E319BCE700006E8FD9 /* VCW08.png */; };
		1300F61719BCE9A5006E8FD9 /* MZClockItem.xib in Resources */ = {isa = PBXBuildFile; fileRef = 1300F61619BCE9A5006E8FD9 /* MZClockItem.xib */; };
		1313723519C3552E00B65CDE /* MZVistaClockPreferences.m in Sources */ = {isa = PBXBuildFile; fileRef = 1313723319C3552E00B65CDE /* MZVistaClockPreferences.m */; };
		1313723619C3552E00B65CDE /* MZVistaClockPreferences.xib in Resources */ = {isa = PBXBuildFile; fileRef = 1313723419C3552E00B65CDE /* MZVistaClockPreferences.xib */; };
		1313723F19C386D300B65CDE /* MZClockConfigItem.xib in Resources */ = {isa = PBXBuildFile; fileRef = 1313723A19C386D300B65CDE /* MZClockConfigItem.xib */; };
		1313724019C386D300B65CDE /* MZClockConfigItem.m in Sources */ = {isa = PBXBuildFile; fileRef = 1313723C19C386D300B65CDE /* MZClockConfigItem.m */; };
		1313724119C386D300B65CDE /* move.png in Resources */ = {isa = PBXBuildFile; fileRef = 1313723D19C386D300B65CDE /* move.png */; };
		1313724219C386D300B65CDE /* delete.png in Resources */ = {isa = PBXBuildFile; fileRef = 1313723E19C386D300B65CDE /* delete.png */; };
		1314945419BE071800496351 /* MZCalendarControl.m in Sources */ = {isa = PBXBuildFile; fileRef = 1314945119BE071800496351 /* MZCalendarControl.m */; };
		132E0AB219D3211E00CC9CF6 /* MZClockConfig.m in Sources */ = {isa = PBXBuildFile; fileRef = 132E0AB119D3211E00CC9CF6 /* MZClockConfig.m */; };
		132E0AE419D4CCF200CC9CF6 /* ServiceManagement.framework in Frameworks */ = {isa = PBXBuildFile; fileRef = 132E0AE319D4CCF200CC9CF6 /* ServiceManagement.framework */; };
		132E0AE619D4CD0000CC9CF6 /* CalendarStore.framework in Frameworks */ = {isa = PBXBuildFile; fileRef = 132E0AE519D4CD0000CC9CF6 /* CalendarStore.framework */; };
		1332483F1BA4831800CFAA7B /* VistaClock.icns in Resources */ = {isa = PBXBuildFile; fileRef = 1332483E1BA4831800CFAA7B /* VistaClock.icns */; };
		134E392019BA107B004FA01A /* Cocoa.framework in Frameworks */ = {isa = PBXBuildFile; fileRef = 134E391F19BA107B004FA01A /* Cocoa.framework */; };
		134E392A19BA107B004FA01A /* InfoPlist.strings in Resources */ = {isa = PBXBuildFile; fileRef = 134E392819BA107B004FA01A /* InfoPlist.strings */; };
		134E392C19BA107B004FA01A /* main.m in Sources */ = {isa = PBXBuildFile; fileRef = 134E392B19BA107B004FA01A /* main.m */; };
		134E393019BA107B004FA01A /* Credits.rtf in Resources */ = {isa = PBXBuildFile; fileRef = 134E392E19BA107B004FA01A /* Credits.rtf */; };
		134E393319BA107B004FA01A /* MZVistaClockAppDelegate.m in Sources */ = {isa = PBXBuildFile; fileRef = 134E393219BA107B004FA01A /* MZVistaClockAppDelegate.m */; };
		134E3A0519BA1388004FA01A /* MZStatusItemView.m in Sources */ = {isa = PBXBuildFile; fileRef = 134E39B919BA1388004FA01A /* MZStatusItemView.m */; };
		134E3A0619BA1388004FA01A /* statusbarIcon.png in Resources */ = {isa = PBXBuildFile; fileRef = 134E39BA19BA1388004FA01A /* statusbarIcon.png */; };
		134E3A0719BA1388004FA01A /* statusbarIconBW.png in Resources */ = {isa = PBXBuildFile; fileRef = 134E39BB19BA1388004FA01A /* statusbarIconBW.png */; };
		134E3A1019BA16A6004FA01A /* mazookie_name_tiny.png in Resources */ = {isa = PBXBuildFile; fileRef = 134E3A0E19BA16A6004FA01A /* mazookie_name_tiny.png */; };
		139ED8D819F9B7AC00181875 /* VistaClockLoginHelper.app in CopyFiles */ = {isa = PBXBuildFile; fileRef = 139ED8D719F9B75700181875 /* VistaClockLoginHelper.app */; settings = {ATTRIBUTES = (RemoveHeadersOnCopy, ); }; };
		13A4EB4F19EDA6E70031D4DE /* MainMenu.xib in Resources */ = {isa = PBXBuildFile; fileRef = 13A4EB4D19EDA6E70031D4DE /* MainMenu.xib */; };
		13AD502E1C347AF1005C9A3A /* todayToolbarBW.png in Resources */ = {isa = PBXBuildFile; fileRef = 13AD502D1C347AF1005C9A3A /* todayToolbarBW.png */; };
		13AD50301C347DD1005C9A3A /* mazookieStatusIconBW.png in Resources */ = {isa = PBXBuildFile; fileRef = 13AD502F1C347DD1005C9A3A /* mazookieStatusIconBW.png */; };
		13AD50321C347DE5005C9A3A /* mazookieStatusIcon.png in Resources */ = {isa = PBXBuildFile; fileRef = 13AD50311C347DE5005C9A3A /* mazookieStatusIcon.png */; };
		13AD50341C3485E2005C9A3A /* mazookieStatusIconWB.png in Resources */ = {isa = PBXBuildFile; fileRef = 13AD50331C3485E2005C9A3A /* mazookieStatusIconWB.png */; };
		13BEBE1C19C8EAC6009C7B76 /* VCSettings.m in Sources */ = {isa = PBXBuildFile; fileRef = 13BEBE1A19C8EAC6009C7B76 /* VCSettings.m */; };
		13E9FED61C42D74A00F204A3 /* MZDateCalc.m in Sources */ = {isa = PBXBuildFile; fileRef = 13E9FED51C42D74A00F204A3 /* MZDateCalc.m */; };
/* End PBXBuildFile section */

/* Begin PBXContainerItemProxy section */
		139ED8D619F9B75700181875 /* PBXContainerItemProxy */ = {
			isa = PBXContainerItemProxy;
			containerPortal = 139ED8D219F9B75700181875 /* VistaClockLoginHelper.xcodeproj */;
			proxyType = 2;
			remoteGlobalIDString = 13785DBB15D5385F00D9D1D3;
			remoteInfo = VistaClockLoginHelper;
		};
/* End PBXContainerItemProxy section */

/* Begin PBXCopyFilesBuildPhase section */
		13A4EB4319ED9ED40031D4DE /* CopyFiles */ = {
			isa = PBXCopyFilesBuildPhase;
			buildActionMask = 12;
			dstPath = Contents/Library/LoginItems;
			dstSubfolderSpec = 1;
			files = (
				139ED8D819F9B7AC00181875 /* VistaClockLoginHelper.app in CopyFiles */,
			);
			runOnlyForDeploymentPostprocessing = 0;
		};
/* End PBXCopyFilesBuildPhase section */

/* Begin PBXFileReference section */
		1300F5AB19BCB8F8006E8FD9 /* Gear_16x16x32.png */ = {isa = PBXFileReference; lastKnownFileType = image.png; path = Gear_16x16x32.png; sourceTree = "<group>"; };
		1300F5AD19BCE700006E8FD9 /* bg-texture.png */ = {isa = PBXFileReference; lastKnownFileType = image.png; path = "bg-texture.png"; sourceTree = "<group>"; };
		1300F5AE19BCE700006E8FD9 /* DBVCB01.png */ = {isa = PBXFileReference; lastKnownFileType = image.png; path = DBVCB01.png; sourceTree = "<group>"; };
		1300F5AF19BCE700006E8FD9 /* DVCB02.png */ = {isa = PBXFileReference; lastKnownFileType = image.png; path = DVCB02.png; sourceTree = "<group>"; };
		1300F5B019BCE700006E8FD9 /* DVCB06.png */ = {isa = PBXFileReference; lastKnownFileType = image.png; path = DVCB06.png; sourceTree = "<group>"; };
		1300F5B119BCE700006E8FD9 /* DVCW03.png */ = {isa = PBXFileReference; lastKnownFileType = image.png; path = DVCW03.png; sourceTree = "<group>"; };
		1300F5B219BCE700006E8FD9 /* DVCW05.png */ = {isa = PBXFileReference; lastKnownFileType = image.png; path = DVCW05.png; sourceTree = "<group>"; };
		1300F5B319BCE700006E8FD9 /* DVCW07.png */ = {isa = PBXFileReference; lastKnownFileType = image.png; path = DVCW07.png; sourceTree = "<group>"; };
		1300F5B419BCE700006E8FD9 /* DVCW08.png */ = {isa = PBXFileReference; lastKnownFileType = image.png; path = DVCW08.png; sourceTree = "<group>"; };
		1300F5B519BCE700006E8FD9 /* DWVCB01.png */ = {isa = PBXFileReference; lastKnownFileType = image.png; path = DWVCB01.png; sourceTree = "<group>"; };
		1300F5B619BCE700006E8FD9 /* HBVCB01.png */ = {isa = PBXFileReference; lastKnownFileType = image.png; path = HBVCB01.png; sourceTree = "<group>"; };
		1300F5B719BCE700006E8FD9 /* HVCB02.png */ = {isa = PBXFileReference; lastKnownFileType = image.png; path = HVCB02.png; sourceTree = "<group>"; };
		1300F5B819BCE700006E8FD9 /* HVCB06.png */ = {isa = PBXFileReference; lastKnownFileType = image.png; path = HVCB06.png; sourceTree = "<group>"; };
		1300F5B919BCE700006E8FD9 /* HVCW03.png */ = {isa = PBXFileReference; lastKnownFileType = image.png; path = HVCW03.png; sourceTree = "<group>"; };
		1300F5BA19BCE700006E8FD9 /* HVCW05.png */ = {isa = PBXFileReference; lastKnownFileType = image.png; path = HVCW05.png; sourceTree = "<group>"; };
		1300F5BB19BCE700006E8FD9 /* HVCW07.png */ = {isa = PBXFileReference; lastKnownFileType = image.png; path = HVCW07.png; sourceTree = "<group>"; };
		1300F5BC19BCE700006E8FD9 /* HVCW08.png */ = {isa = PBXFileReference; lastKnownFileType = image.png; path = HVCW08.png; sourceTree = "<group>"; };
		1300F5BD19BCE700006E8FD9 /* HWVCB01.png */ = {isa = PBXFileReference; lastKnownFileType = image.png; path = HWVCB01.png; sourceTree = "<group>"; };
		1300F5BE19BCE700006E8FD9 /* MathUtils.h */ = {isa = PBXFileReference; fileEncoding = 4; lastKnownFileType = sourcecode.c.h; path = MathUtils.h; sourceTree = "<group>"; };
		1300F5BF19BCE700006E8FD9 /* MBVCB01.png */ = {isa = PBXFileReference; lastKnownFileType = image.png; path = MBVCB01.png; sourceTree = "<group>"; };
		1300F5C019BCE700006E8FD9 /* MVCB02.png */ = {isa = PBXFileReference; lastKnownFileType = image.png; path = MVCB02.png; sourceTree = "<group>"; };
		1300F5C119BCE700006E8FD9 /* MVCB06.png */ = {isa = PBXFileReference; lastKnownFileType = image.png; path = MVCB06.png; sourceTree = "<group>"; };
		1300F5C219BCE700006E8FD9 /* MVCW03.png */ = {isa = PBXFileReference; lastKnownFileType = image.png; path = MVCW03.png; sourceTree = "<group>"; };
		1300F5C319BCE700006E8FD9 /* MVCW05.png */ = {isa = PBXFileReference; lastKnownFileType = image.png; path = MVCW05.png; sourceTree = "<group>"; };
		1300F5C419BCE700006E8FD9 /* MVCW07.png */ = {isa = PBXFileReference; lastKnownFileType = image.png; path = MVCW07.png; sourceTree = "<group>"; };
		1300F5C519BCE700006E8FD9 /* MVCW08.png */ = {isa = PBXFileReference; lastKnownFileType = image.png; path = MVCW08.png; sourceTree = "<group>"; };
		1300F5C619BCE700006E8FD9 /* MWVCB01.png */ = {isa = PBXFileReference; lastKnownFileType = image.png; path = MWVCB01.png; sourceTree = "<group>"; };
		1300F5C719BCE700006E8FD9 /* MZClockControl.h */ = {isa = PBXFileReference; fileEncoding = 4; lastKnownFileType = sourcecode.c.h; path = MZClockControl.h; sourceTree = "<group>"; };
		1300F5C819BCE700006E8FD9 /* MZClockControl.m */ = {isa = PBXFileReference; fileEncoding = 4; lastKnownFileType = sourcecode.c.objc; path = MZClockControl.m; sourceTree = "<group>"; };
		1300F5C919BCE700006E8FD9 /* MZClockControlCell.h */ = {isa = PBXFileReference; fileEncoding = 4; lastKnownFileType = sourcecode.c.h; path = MZClockControlCell.h; sourceTree = "<group>"; };
		1300F5CA19BCE700006E8FD9 /* MZClockControlCell.m */ = {isa = PBXFileReference; fileEncoding = 4; lastKnownFileType = sourcecode.c.objc; path = MZClockControlCell.m; sourceTree = "<group>"; };
		1300F5CB19BCE700006E8FD9 /* MZClockItem.h */ = {isa = PBXFileReference; fileEncoding = 4; lastKnownFileType = sourcecode.c.h; path = MZClockItem.h; sourceTree = "<group>"; };
		1300F5CC19BCE700006E8FD9 /* MZClockItem.m */ = {isa = PBXFileReference; fileEncoding = 4; lastKnownFileType = sourcecode.c.objc; path = MZClockItem.m; sourceTree = "<group>"; };
		1300F5CD19BCE700006E8FD9 /* NSDate+Tools.h */ = {isa = PBXFileReference; fileEncoding = 4; lastKnownFileType = sourcecode.c.h; path = "NSDate+Tools.h"; sourceTree = "<group>"; };
		1300F5CE19BCE700006E8FD9 /* NSDate+Tools.m */ = {isa = PBXFileReference; fileEncoding = 4; lastKnownFileType = sourcecode.c.objc; path = "NSDate+Tools.m"; sourceTree = "<group>"; };
		1300F5CF19BCE700006E8FD9 /* SBVCB01.png */ = {isa = PBXFileReference; lastKnownFileType = image.png; path = SBVCB01.png; sourceTree = "<group>"; };
		1300F5D019BCE700006E8FD9 /* SVCB02.png */ = {isa = PBXFileReference; lastKnownFileType = image.png; path = SVCB02.png; sourceTree = "<group>"; };
		1300F5D119BCE700006E8FD9 /* SVCB06.png */ = {isa = PBXFileReference; lastKnownFileType = image.png; path = SVCB06.png; sourceTree = "<group>"; };
		1300F5D219BCE700006E8FD9 /* SVCW03.png */ = {isa = PBXFileReference; lastKnownFileType = image.png; path = SVCW03.png; sourceTree = "<group>"; };
		1300F5D319BCE700006E8FD9 /* SVCW05.png */ = {isa = PBXFileReference; lastKnownFileType = image.png; path = SVCW05.png; sourceTree = "<group>"; };
		1300F5D419BCE700006E8FD9 /* SVCW07.png */ = {isa = PBXFileReference; lastKnownFileType = image.png; path = SVCW07.png; sourceTree = "<group>"; };
		1300F5D519BCE700006E8FD9 /* SVCW08.png */ = {isa = PBXFileReference; lastKnownFileType = image.png; path = SVCW08.png; sourceTree = "<group>"; };
		1300F5D619BCE700006E8FD9 /* SWVCB01.png */ = {isa = PBXFileReference; lastKnownFileType = image.png; path = SWVCB01.png; sourceTree = "<group>"; };
		1300F5D719BCE700006E8FD9 /* tinybluelighton.png */ = {isa = PBXFileReference; lastKnownFileType = image.png; path = tinybluelighton.png; sourceTree = "<group>"; };
		1300F5D819BCE700006E8FD9 /* tinygreylighton.png */ = {isa = PBXFileReference; lastKnownFileType = image.png; path = tinygreylighton.png; sourceTree = "<group>"; };
		1300F5D919BCE700006E8FD9 /* tinyredlighton.png */ = {isa = PBXFileReference; lastKnownFileType = image.png; path = tinyredlighton.png; sourceTree = "<group>"; };
		1300F5DA19BCE700006E8FD9 /* VCB01.png */ = {isa = PBXFileReference; lastKnownFileType = image.png; path = VCB01.png; sourceTree = "<group>"; };
		1300F5DB19BCE700006E8FD9 /* VCB02.png */ = {isa = PBXFileReference; lastKnownFileType = image.png; path = VCB02.png; sourceTree = "<group>"; };
		1300F5DC19BCE700006E8FD9 /* VCB06.png */ = {isa = PBXFileReference; lastKnownFileType = image.png; path = VCB06.png; sourceTree = "<group>"; };
		1300F5DD19BCE700006E8FD9 /* VCB07.png */ = {isa = PBXFileReference; lastKnownFileType = image.png; path = VCB07.png; sourceTree = "<group>"; };
		1300F5DE19BCE700006E8FD9 /* VCW03.png */ = {isa = PBXFileReference; lastKnownFileType = image.png; path = VCW03.png; sourceTree = "<group>"; };
		1300F5DF19BCE700006E8FD9 /* VCW04.png */ = {isa = PBXFileReference; lastKnownFileType = image.png; path = VCW04.png; sourceTree = "<group>"; };
		1300F5E019BCE700006E8FD9 /* VCW05.png */ = {isa = PBXFileReference; lastKnownFileType = image.png; path = VCW05.png; sourceTree = "<group>"; };
		1300F5E119BCE700006E8FD9 /* VCW06.png */ = {isa = PBXFileReference; lastKnownFileType = image.png; path = VCW06.png; sourceTree = "<group>"; };
		1300F5E219BCE700006E8FD9 /* VCW07.png */ = {isa = PBXFileReference; lastKnownFileType = image.png; path = VCW07.png; sourceTree = "<group>"; };
		1300F5E319BCE700006E8FD9 /* VCW08.png */ = {isa = PBXFileReference; lastKnownFileType = image.png; path = VCW08.png; sourceTree = "<group>"; };
		1300F61619BCE9A5006E8FD9 /* MZClockItem.xib */ = {isa = PBXFileReference; fileEncoding = 4; lastKnownFileType = file.xib; path = MZClockItem.xib; sourceTree = "<group>"; };
		1313723219C3552E00B65CDE /* MZVistaClockPreferences.h */ = {isa = PBXFileReference; fileEncoding = 4; lastKnownFileType = sourcecode.c.h; path = MZVistaClockPreferences.h; sourceTree = "<group>"; };
		1313723319C3552E00B65CDE /* MZVistaClockPreferences.m */ = {isa = PBXFileReference; fileEncoding = 4; lastKnownFileType = sourcecode.c.objc; path = MZVistaClockPreferences.m; sourceTree = "<group>"; };
		1313723419C3552E00B65CDE /* MZVistaClockPreferences.xib */ = {isa = PBXFileReference; fileEncoding = 4; lastKnownFileType = file.xib; path = MZVistaClockPreferences.xib; sourceTree = "<group>"; };
		1313723A19C386D300B65CDE /* MZClockConfigItem.xib */ = {isa = PBXFileReference; fileEncoding = 4; lastKnownFileType = file.xib; path = MZClockConfigItem.xib; sourceTree = "<group>"; };
		1313723B19C386D300B65CDE /* MZClockConfigItem.h */ = {isa = PBXFileReference; fileEncoding = 4; lastKnownFileType = sourcecode.c.h; path = MZClockConfigItem.h; sourceTree = "<group>"; };
		1313723C19C386D300B65CDE /* MZClockConfigItem.m */ = {isa = PBXFileReference; fileEncoding = 4; lastKnownFileType = sourcecode.c.objc; path = MZClockConfigItem.m; sourceTree = "<group>"; };
		1313723D19C386D300B65CDE /* move.png */ = {isa = PBXFileReference; lastKnownFileType = image.png; path = move.png; sourceTree = "<group>"; };
		1313723E19C386D300B65CDE /* delete.png */ = {isa = PBXFileReference; lastKnownFileType = image.png; path = delete.png; sourceTree = "<group>"; };
		1314945019BE071800496351 /* MZCalendarControl.h */ = {isa = PBXFileReference; fileEncoding = 4; lastKnownFileType = sourcecode.c.h; path = MZCalendarControl.h; sourceTree = "<group>"; };
		1314945119BE071800496351 /* MZCalendarControl.m */ = {isa = PBXFileReference; fileEncoding = 4; lastKnownFileType = sourcecode.c.objc; path = MZCalendarControl.m; sourceTree = "<group>"; };
		132E0AB019D3211E00CC9CF6 /* MZClockConfig.h */ = {isa = PBXFileReference; fileEncoding = 4; lastKnownFileType = sourcecode.c.h; path = MZClockConfig.h; sourceTree = "<group>"; };
		132E0AB119D3211E00CC9CF6 /* MZClockConfig.m */ = {isa = PBXFileReference; fileEncoding = 4; lastKnownFileType = sourcecode.c.objc; path = MZClockConfig.m; sourceTree = "<group>"; };
		132E0AE319D4CCF200CC9CF6 /* ServiceManagement.framework */ = {isa = PBXFileReference; lastKnownFileType = wrapper.framework; name = ServiceManagement.framework; path = System/Library/Frameworks/ServiceManagement.framework; sourceTree = SDKROOT; };
		132E0AE519D4CD0000CC9CF6 /* CalendarStore.framework */ = {isa = PBXFileReference; lastKnownFileType = wrapper.framework; name = CalendarStore.framework; path = System/Library/Frameworks/CalendarStore.framework; sourceTree = SDKROOT; };
		132E0AE719D4CDA600CC9CF6 /* VistaClock.entitlements */ = {isa = PBXFileReference; lastKnownFileType = text.xml; path = VistaClock.entitlements; sourceTree = "<group>"; };
		1332483E1BA4831800CFAA7B /* VistaClock.icns */ = {isa = PBXFileReference; lastKnownFileType = image.icns; path = VistaClock.icns; sourceTree = "<group>"; };
		134E391C19BA107B004FA01A /* VistaClock.app */ = {isa = PBXFileReference; explicitFileType = wrapper.application; includeInIndex = 0; path = VistaClock.app; sourceTree = BUILT_PRODUCTS_DIR; };
		134E391F19BA107B004FA01A /* Cocoa.framework */ = {isa = PBXFileReference; lastKnownFileType = wrapper.framework; name = Cocoa.framework; path = System/Library/Frameworks/Cocoa.framework; sourceTree = SDKROOT; };
		134E392219BA107B004FA01A /* AppKit.framework */ = {isa = PBXFileReference; lastKnownFileType = wrapper.framework; name = AppKit.framework; path = System/Library/Frameworks/AppKit.framework; sourceTree = SDKROOT; };
		134E392319BA107B004FA01A /* CoreData.framework */ = {isa = PBXFileReference; lastKnownFileType = wrapper.framework; name = CoreData.framework; path = System/Library/Frameworks/CoreData.framework; sourceTree = SDKROOT; };
		134E392419BA107B004FA01A /* Foundation.framework */ = {isa = PBXFileReference; lastKnownFileType = wrapper.framework; name = Foundation.framework; path = System/Library/Frameworks/Foundation.framework; sourceTree = SDKROOT; };
		134E392719BA107B004FA01A /* VistaClock-Info.plist */ = {isa = PBXFileReference; lastKnownFileType = text.plist.xml; path = "VistaClock-Info.plist"; sourceTree = "<group>"; };
		134E392919BA107B004FA01A /* en */ = {isa = PBXFileReference; lastKnownFileType = text.plist.strings; name = en; path = en.lproj/InfoPlist.strings; sourceTree = "<group>"; };
		134E392B19BA107B004FA01A /* main.m */ = {isa = PBXFileReference; lastKnownFileType = sourcecode.c.objc; path = main.m; sourceTree = "<group>"; };
		134E392D19BA107B004FA01A /* VistaClock-Prefix.pch */ = {isa = PBXFileReference; lastKnownFileType = sourcecode.c.h; path = "VistaClock-Prefix.pch"; sourceTree = "<group>"; };
		134E392F19BA107B004FA01A /* en */ = {isa = PBXFileReference; lastKnownFileType = text.rtf; name = en; path = en.lproj/Credits.rtf; sourceTree = "<group>"; };
		134E393119BA107B004FA01A /* MZVistaClockAppDelegate.h */ = {isa = PBXFileReference; lastKnownFileType = sourcecode.c.h; path = MZVistaClockAppDelegate.h; sourceTree = "<group>"; };
		134E393219BA107B004FA01A /* MZVistaClockAppDelegate.m */ = {isa = PBXFileReference; lastKnownFileType = sourcecode.c.objc; path = MZVistaClockAppDelegate.m; sourceTree = "<group>"; };
		134E393E19BA107B004FA01A /* XCTest.framework */ = {isa = PBXFileReference; lastKnownFileType = wrapper.framework; name = XCTest.framework; path = Library/Frameworks/XCTest.framework; sourceTree = DEVELOPER_DIR; };
		134E394519BA107B004FA01A /* VistaClockTests-Info.plist */ = {isa = PBXFileReference; lastKnownFileType = text.plist.xml; path = "VistaClockTests-Info.plist"; sourceTree = "<group>"; };
		134E394719BA107B004FA01A /* en */ = {isa = PBXFileReference; lastKnownFileType = text.plist.strings; name = en; path = en.lproj/InfoPlist.strings; sourceTree = "<group>"; };
		134E394919BA107B004FA01A /* VistaClockTests.m */ = {isa = PBXFileReference; lastKnownFileType = sourcecode.c.objc; path = VistaClockTests.m; sourceTree = "<group>"; };
		134E39B819BA1388004FA01A /* MZStatusItemView.h */ = {isa = PBXFileReference; fileEncoding = 4; lastKnownFileType = sourcecode.c.h; path = MZStatusItemView.h; sourceTree = "<group>"; };
		134E39B919BA1388004FA01A /* MZStatusItemView.m */ = {isa = PBXFileReference; fileEncoding = 4; lastKnownFileType = sourcecode.c.objc; path = MZStatusItemView.m; sourceTree = "<group>"; };
		134E39BA19BA1388004FA01A /* statusbarIcon.png */ = {isa = PBXFileReference; lastKnownFileType = image.png; path = statusbarIcon.png; sourceTree = "<group>"; };
		134E39BB19BA1388004FA01A /* statusbarIconBW.png */ = {isa = PBXFileReference; lastKnownFileType = image.png; path = statusbarIconBW.png; sourceTree = "<group>"; };
		134E3A0E19BA16A6004FA01A /* mazookie_name_tiny.png */ = {isa = PBXFileReference; lastKnownFileType = image.png; path = mazookie_name_tiny.png; sourceTree = "<group>"; };
		139ED8D219F9B75700181875 /* VistaClockLoginHelper.xcodeproj */ = {isa = PBXFileReference; lastKnownFileType = "wrapper.pb-project"; name = VistaClockLoginHelper.xcodeproj; path = VistaClockLoginHelper/VistaClockLoginHelper.xcodeproj; sourceTree = "<group>"; };
		13A4EB4E19EDA6E70031D4DE /* en */ = {isa = PBXFileReference; lastKnownFileType = file.xib; name = en; path = en.lproj/MainMenu.xib; sourceTree = "<group>"; };
		13AD502D1C347AF1005C9A3A /* todayToolbarBW.png */ = {isa = PBXFileReference; lastKnownFileType = image.png; path = todayToolbarBW.png; sourceTree = "<group>"; };
		13AD502F1C347DD1005C9A3A /* mazookieStatusIconBW.png */ = {isa = PBXFileReference; lastKnownFileType = image.png; path = mazookieStatusIconBW.png; sourceTree = "<group>"; };
		13AD50311C347DE5005C9A3A /* mazookieStatusIcon.png */ = {isa = PBXFileReference; lastKnownFileType = image.png; path = mazookieStatusIcon.png; sourceTree = "<group>"; };
		13AD50331C3485E2005C9A3A /* mazookieStatusIconWB.png */ = {isa = PBXFileReference; lastKnownFileType = image.png; path = mazookieStatusIconWB.png; sourceTree = "<group>"; };
		13BEBE1A19C8EAC6009C7B76 /* VCSettings.m */ = {isa = PBXFileReference; fileEncoding = 4; lastKnownFileType = sourcecode.c.objc; path = VCSettings.m; sourceTree = "<group>"; };
		13BEBE1B19C8EAC6009C7B76 /* VCSettings.h */ = {isa = PBXFileReference; fileEncoding = 4; lastKnownFileType = sourcecode.c.h; path = VCSettings.h; sourceTree = "<group>"; };
		13E9FED41C42D74A00F204A3 /* MZDateCalc.h */ = {isa = PBXFileReference; fileEncoding = 4; lastKnownFileType = sourcecode.c.h; path = MZDateCalc.h; sourceTree = "<group>"; };
		13E9FED51C42D74A00F204A3 /* MZDateCalc.m */ = {isa = PBXFileReference; fileEncoding = 4; lastKnownFileType = sourcecode.c.objc; path = MZDateCalc.m; sourceTree = "<group>"; };
/* End PBXFileReference section */

/* Begin PBXFrameworksBuildPhase section */
		134E391919BA107B004FA01A /* Frameworks */ = {
			isa = PBXFrameworksBuildPhase;
			buildActionMask = 2147483647;
			files = (
				132E0AE419D4CCF200CC9CF6 /* ServiceManagement.framework in Frameworks */,
				132E0AE619D4CD0000CC9CF6 /* CalendarStore.framework in Frameworks */,
				134E392019BA107B004FA01A /* Cocoa.framework in Frameworks */,
			);
			runOnlyForDeploymentPostprocessing = 0;
		};
/* End PBXFrameworksBuildPhase section */

/* Begin PBXGroup section */
		134E391319BA107A004FA01A = {
			isa = PBXGroup;
			children = (
				1332483E1BA4831800CFAA7B /* VistaClock.icns */,
				139ED8D219F9B75700181875 /* VistaClockLoginHelper.xcodeproj */,
				134E392519BA107B004FA01A /* VistaClock */,
				134E394319BA107B004FA01A /* VistaClockTests */,
				134E391E19BA107B004FA01A /* Frameworks */,
				134E391D19BA107B004FA01A /* Products */,
			);
			sourceTree = "<group>";
		};
		134E391D19BA107B004FA01A /* Products */ = {
			isa = PBXGroup;
			children = (
				134E391C19BA107B004FA01A /* VistaClock.app */,
			);
			name = Products;
			sourceTree = "<group>";
		};
		134E391E19BA107B004FA01A /* Frameworks */ = {
			isa = PBXGroup;
			children = (
				132E0AE519D4CD0000CC9CF6 /* CalendarStore.framework */,
				132E0AE319D4CCF200CC9CF6 /* ServiceManagement.framework */,
				134E391F19BA107B004FA01A /* Cocoa.framework */,
				134E393E19BA107B004FA01A /* XCTest.framework */,
				134E392119BA107B004FA01A /* Other Frameworks */,
			);
			name = Frameworks;
			sourceTree = "<group>";
		};
		134E392119BA107B004FA01A /* Other Frameworks */ = {
			isa = PBXGroup;
			children = (
				134E392219BA107B004FA01A /* AppKit.framework */,
				134E392319BA107B004FA01A /* CoreData.framework */,
				134E392419BA107B004FA01A /* Foundation.framework */,
			);
			name = "Other Frameworks";
			sourceTree = "<group>";
		};
		134E392519BA107B004FA01A /* VistaClock */ = {
			isa = PBXGroup;
			children = (
				132E0AE719D4CDA600CC9CF6 /* VistaClock.entitlements */,
				1314945019BE071800496351 /* MZCalendarControl.h */,
				1314945119BE071800496351 /* MZCalendarControl.m */,
				1300F5BE19BCE700006E8FD9 /* MathUtils.h */,
				1300F5C719BCE700006E8FD9 /* MZClockControl.h */,
				1300F5C819BCE700006E8FD9 /* MZClockControl.m */,
				1300F5C919BCE700006E8FD9 /* MZClockControlCell.h */,
				1300F5CA19BCE700006E8FD9 /* MZClockControlCell.m */,
				1300F5CD19BCE700006E8FD9 /* NSDate+Tools.h */,
				1300F5CE19BCE700006E8FD9 /* NSDate+Tools.m */,
				134E39B819BA1388004FA01A /* MZStatusItemView.h */,
				134E39B919BA1388004FA01A /* MZStatusItemView.m */,
				134E393119BA107B004FA01A /* MZVistaClockAppDelegate.h */,
				134E393219BA107B004FA01A /* MZVistaClockAppDelegate.m */,
				13A4EB4D19EDA6E70031D4DE /* MainMenu.xib */,
				1300F5CB19BCE700006E8FD9 /* MZClockItem.h */,
				1300F5CC19BCE700006E8FD9 /* MZClockItem.m */,
				1300F61619BCE9A5006E8FD9 /* MZClockItem.xib */,
				13BEBE1B19C8EAC6009C7B76 /* VCSettings.h */,
				13BEBE1A19C8EAC6009C7B76 /* VCSettings.m */,
				1313723219C3552E00B65CDE /* MZVistaClockPreferences.h */,
				1313723319C3552E00B65CDE /* MZVistaClockPreferences.m */,
				1313723419C3552E00B65CDE /* MZVistaClockPreferences.xib */,
				1313723B19C386D300B65CDE /* MZClockConfigItem.h */,
				1313723C19C386D300B65CDE /* MZClockConfigItem.m */,
				1313723A19C386D300B65CDE /* MZClockConfigItem.xib */,
				132E0AB019D3211E00CC9CF6 /* MZClockConfig.h */,
				132E0AB119D3211E00CC9CF6 /* MZClockConfig.m */,
				134E392619BA107B004FA01A /* Supporting Files */,
				13E9FED41C42D74A00F204A3 /* MZDateCalc.h */,
				13E9FED51C42D74A00F204A3 /* MZDateCalc.m */,
			);
			path = VistaClock;
			sourceTree = "<group>";
		};
		134E392619BA107B004FA01A /* Supporting Files */ = {
			isa = PBXGroup;
			children = (
				13AD50331C3485E2005C9A3A /* mazookieStatusIconWB.png */,
				13AD50311C347DE5005C9A3A /* mazookieStatusIcon.png */,
				13AD502F1C347DD1005C9A3A /* mazookieStatusIconBW.png */,
				13AD502D1C347AF1005C9A3A /* todayToolbarBW.png */,
				1300F5BF19BCE700006E8FD9 /* MBVCB01.png */,
				1313723D19C386D300B65CDE /* move.png */,
				1313723E19C386D300B65CDE /* delete.png */,
				1300F5CF19BCE700006E8FD9 /* SBVCB01.png */,
				1300F5D019BCE700006E8FD9 /* SVCB02.png */,
				1300F5D119BCE700006E8FD9 /* SVCB06.png */,
				1300F5D219BCE700006E8FD9 /* SVCW03.png */,
				1300F5D319BCE700006E8FD9 /* SVCW05.png */,
				1300F5D419BCE700006E8FD9 /* SVCW07.png */,
				1300F5D519BCE700006E8FD9 /* SVCW08.png */,
				1300F5D619BCE700006E8FD9 /* SWVCB01.png */,
				1300F5D719BCE700006E8FD9 /* tinybluelighton.png */,
				1300F5D819BCE700006E8FD9 /* tinygreylighton.png */,
				1300F5D919BCE700006E8FD9 /* tinyredlighton.png */,
				1300F5DA19BCE700006E8FD9 /* VCB01.png */,
				1300F5DB19BCE700006E8FD9 /* VCB02.png */,
				1300F5DC19BCE700006E8FD9 /* VCB06.png */,
				1300F5DD19BCE700006E8FD9 /* VCB07.png */,
				1300F5DE19BCE700006E8FD9 /* VCW03.png */,
				1300F5DF19BCE700006E8FD9 /* VCW04.png */,
				1300F5E019BCE700006E8FD9 /* VCW05.png */,
				1300F5E119BCE700006E8FD9 /* VCW06.png */,
				1300F5E219BCE700006E8FD9 /* VCW07.png */,
				1300F5E319BCE700006E8FD9 /* VCW08.png */,
				1300F5C019BCE700006E8FD9 /* MVCB02.png */,
				1300F5C119BCE700006E8FD9 /* MVCB06.png */,
				1300F5C219BCE700006E8FD9 /* MVCW03.png */,
				1300F5C319BCE700006E8FD9 /* MVCW05.png */,
				1300F5C419BCE700006E8FD9 /* MVCW07.png */,
				1300F5C519BCE700006E8FD9 /* MVCW08.png */,
				1300F5C619BCE700006E8FD9 /* MWVCB01.png */,
				1300F5AD19BCE700006E8FD9 /* bg-texture.png */,
				1300F5AE19BCE700006E8FD9 /* DBVCB01.png */,
				1300F5AF19BCE700006E8FD9 /* DVCB02.png */,
				1300F5B019BCE700006E8FD9 /* DVCB06.png */,
				1300F5B119BCE700006E8FD9 /* DVCW03.png */,
				1300F5B219BCE700006E8FD9 /* DVCW05.png */,
				1300F5B319BCE700006E8FD9 /* DVCW07.png */,
				1300F5B419BCE700006E8FD9 /* DVCW08.png */,
				1300F5B519BCE700006E8FD9 /* DWVCB01.png */,
				1300F5B619BCE700006E8FD9 /* HBVCB01.png */,
				1300F5B719BCE700006E8FD9 /* HVCB02.png */,
				1300F5B819BCE700006E8FD9 /* HVCB06.png */,
				1300F5B919BCE700006E8FD9 /* HVCW03.png */,
				1300F5BA19BCE700006E8FD9 /* HVCW05.png */,
				1300F5BB19BCE700006E8FD9 /* HVCW07.png */,
				1300F5BC19BCE700006E8FD9 /* HVCW08.png */,
				1300F5BD19BCE700006E8FD9 /* HWVCB01.png */,
				1300F5AB19BCB8F8006E8FD9 /* Gear_16x16x32.png */,
				134E3A0E19BA16A6004FA01A /* mazookie_name_tiny.png */,
				134E392719BA107B004FA01A /* VistaClock-Info.plist */,
				134E39BA19BA1388004FA01A /* statusbarIcon.png */,
				134E39BB19BA1388004FA01A /* statusbarIconBW.png */,
				134E392819BA107B004FA01A /* InfoPlist.strings */,
				134E392B19BA107B004FA01A /* main.m */,
				134E392D19BA107B004FA01A /* VistaClock-Prefix.pch */,
				134E392E19BA107B004FA01A /* Credits.rtf */,
			);
			name = "Supporting Files";
			sourceTree = "<group>";
		};
		134E394319BA107B004FA01A /* VistaClockTests */ = {
			isa = PBXGroup;
			children = (
				134E394919BA107B004FA01A /* VistaClockTests.m */,
				134E394419BA107B004FA01A /* Supporting Files */,
			);
			path = VistaClockTests;
			sourceTree = "<group>";
		};
		134E394419BA107B004FA01A /* Supporting Files */ = {
			isa = PBXGroup;
			children = (
				134E394519BA107B004FA01A /* VistaClockTests-Info.plist */,
				134E394619BA107B004FA01A /* InfoPlist.strings */,
			);
			name = "Supporting Files";
			sourceTree = "<group>";
		};
		139ED8D319F9B75700181875 /* Products */ = {
			isa = PBXGroup;
			children = (
				139ED8D719F9B75700181875 /* VistaClockLoginHelper.app */,
			);
			name = Products;
			sourceTree = "<group>";
		};
/* End PBXGroup section */

/* Begin PBXNativeTarget section */
		134E391B19BA107B004FA01A /* VistaClock */ = {
			isa = PBXNativeTarget;
			buildConfigurationList = 134E394D19BA107B004FA01A /* Build configuration list for PBXNativeTarget "VistaClock" */;
			buildPhases = (
				134E391819BA107B004FA01A /* Sources */,
				134E391919BA107B004FA01A /* Frameworks */,
				134E391A19BA107B004FA01A /* Resources */,
				13A4EB4319ED9ED40031D4DE /* CopyFiles */,
			);
			buildRules = (
			);
			dependencies = (
			);
			name = VistaClock;
			productName = VistaClock;
			productReference = 134E391C19BA107B004FA01A /* VistaClock.app */;
			productType = "com.apple.product-type.application";
		};
/* End PBXNativeTarget section */

/* Begin PBXProject section */
		134E391419BA107A004FA01A /* Project object */ = {
			isa = PBXProject;
			attributes = {
				CLASSPREFIX = MZ;
				LastUpgradeCheck = 0700;
				ORGANIZATIONNAME = "Mazookie, LLC";
				TargetAttributes = {
					134E391B19BA107B004FA01A = {
						DevelopmentTeam = 6DK6LM2ETN;
						SystemCapabilities = {
							com.apple.Sandbox = {
								enabled = 1;
							};
						};
					};
				};
			};
			buildConfigurationList = 134E391719BA107A004FA01A /* Build configuration list for PBXProject "VistaClock" */;
			compatibilityVersion = "Xcode 3.2";
			developmentRegion = English;
			hasScannedForEncodings = 0;
			knownRegions = (
				en,
			);
			mainGroup = 134E391319BA107A004FA01A;
			productRefGroup = 134E391D19BA107B004FA01A /* Products */;
			projectDirPath = "";
			projectReferences = (
				{
					ProductGroup = 139ED8D319F9B75700181875 /* Products */;
					ProjectRef = 139ED8D219F9B75700181875 /* VistaClockLoginHelper.xcodeproj */;
				},
			);
			projectRoot = "";
			targets = (
				134E391B19BA107B004FA01A /* VistaClock */,
			);
		};
/* End PBXProject section */

/* Begin PBXReferenceProxy section */
		139ED8D719F9B75700181875 /* VistaClockLoginHelper.app */ = {
			isa = PBXReferenceProxy;
			fileType = wrapper.application;
			path = VistaClockLoginHelper.app;
			remoteRef = 139ED8D619F9B75700181875 /* PBXContainerItemProxy */;
			sourceTree = BUILT_PRODUCTS_DIR;
		};
/* End PBXReferenceProxy section */

/* Begin PBXResourcesBuildPhase section */
		134E391A19BA107B004FA01A /* Resources */ = {
			isa = PBXResourcesBuildPhase;
			buildActionMask = 2147483647;
			files = (
				1300F60919BCE700006E8FD9 /* tinybluelighton.png in Resources */,
				1300F61019BCE700006E8FD9 /* VCW03.png in Resources */,
				1300F5F019BCE700006E8FD9 /* HVCW03.png in Resources */,
				1300F5FA19BCE700006E8FD9 /* MVCW07.png in Resources */,
				1300F5FC19BCE700006E8FD9 /* MWVCB01.png in Resources */,
				1300F5E819BCE700006E8FD9 /* DVCW03.png in Resources */,
				13A4EB4F19EDA6E70031D4DE /* MainMenu.xib in Resources */,
				13AD50321C347DE5005C9A3A /* mazookieStatusIcon.png in Resources */,
				134E3A0619BA1388004FA01A /* statusbarIcon.png in Resources */,
				1300F60519BCE700006E8FD9 /* SVCW05.png in Resources */,
				1300F60819BCE700006E8FD9 /* SWVCB01.png in Resources */,
				1332483F1BA4831800CFAA7B /* VistaClock.icns in Resources */,
				1313723619C3552E00B65CDE /* MZVistaClockPreferences.xib in Resources */,
				13AD50301C347DD1005C9A3A /* mazookieStatusIconBW.png in Resources */,
				1300F60219BCE700006E8FD9 /* SVCB02.png in Resources */,
				1300F5EF19BCE700006E8FD9 /* HVCB06.png in Resources */,
				1300F5F219BCE700006E8FD9 /* HVCW07.png in Resources */,
				134E3A1019BA16A6004FA01A /* mazookie_name_tiny.png in Resources */,
				13AD50341C3485E2005C9A3A /* mazookieStatusIconWB.png in Resources */,
				1300F61219BCE700006E8FD9 /* VCW05.png in Resources */,
				1300F5F519BCE700006E8FD9 /* MBVCB01.png in Resources */,
				1300F60B19BCE700006E8FD9 /* tinyredlighton.png in Resources */,
				1300F5AC19BCB8F8006E8FD9 /* Gear_16x16x32.png in Resources */,
				134E392A19BA107B004FA01A /* InfoPlist.strings in Resources */,
				1300F5F119BCE700006E8FD9 /* HVCW05.png in Resources */,
				13AD502E1C347AF1005C9A3A /* todayToolbarBW.png in Resources */,
				1313723F19C386D300B65CDE /* MZClockConfigItem.xib in Resources */,
				1300F5F419BCE700006E8FD9 /* HWVCB01.png in Resources */,
				1300F60619BCE700006E8FD9 /* SVCW07.png in Resources */,
				1300F61319BCE700006E8FD9 /* VCW06.png in Resources */,
				1300F60A19BCE700006E8FD9 /* tinygreylighton.png in Resources */,
				1300F61119BCE700006E8FD9 /* VCW04.png in Resources */,
				1300F5F619BCE700006E8FD9 /* MVCB02.png in Resources */,
				1300F5EC19BCE700006E8FD9 /* DWVCB01.png in Resources */,
				1300F5E419BCE700006E8FD9 /* bg-texture.png in Resources */,
				1300F61419BCE700006E8FD9 /* VCW07.png in Resources */,
				1300F5E519BCE700006E8FD9 /* DBVCB01.png in Resources */,
				1300F5E619BCE700006E8FD9 /* DVCB02.png in Resources */,
				1300F5F719BCE700006E8FD9 /* MVCB06.png in Resources */,
				1300F60719BCE700006E8FD9 /* SVCW08.png in Resources */,
				1300F5EA19BCE700006E8FD9 /* DVCW07.png in Resources */,
				1300F60419BCE700006E8FD9 /* SVCW03.png in Resources */,
				1300F5ED19BCE700006E8FD9 /* HBVCB01.png in Resources */,
				1300F60D19BCE700006E8FD9 /* VCB02.png in Resources */,
				1313724119C386D300B65CDE /* move.png in Resources */,
				1300F5E919BCE700006E8FD9 /* DVCW05.png in Resources */,
				134E393019BA107B004FA01A /* Credits.rtf in Resources */,
				1300F5EB19BCE700006E8FD9 /* DVCW08.png in Resources */,
				1300F5E719BCE700006E8FD9 /* DVCB06.png in Resources */,
				1300F61719BCE9A5006E8FD9 /* MZClockItem.xib in Resources */,
				134E3A0719BA1388004FA01A /* statusbarIconBW.png in Resources */,
				1300F5EE19BCE700006E8FD9 /* HVCB02.png in Resources */,
				1313724219C386D300B65CDE /* delete.png in Resources */,
				1300F5FB19BCE700006E8FD9 /* MVCW08.png in Resources */,
				1300F5F819BCE700006E8FD9 /* MVCW03.png in Resources */,
				1300F61519BCE700006E8FD9 /* VCW08.png in Resources */,
				1300F60F19BCE700006E8FD9 /* VCB07.png in Resources */,
				1300F60C19BCE700006E8FD9 /* VCB01.png in Resources */,
				1300F60119BCE700006E8FD9 /* SBVCB01.png in Resources */,
				1300F5F319BCE700006E8FD9 /* HVCW08.png in Resources */,
				1300F5F919BCE700006E8FD9 /* MVCW05.png in Resources */,
				1300F60E19BCE700006E8FD9 /* VCB06.png in Resources */,
				1300F60319BCE700006E8FD9 /* SVCB06.png in Resources */,
			);
			runOnlyForDeploymentPostprocessing = 0;
		};
/* End PBXResourcesBuildPhase section */

/* Begin PBXSourcesBuildPhase section */
		134E391819BA107B004FA01A /* Sources */ = {
			isa = PBXSourcesBuildPhase;
			buildActionMask = 2147483647;
			files = (
				1313724019C386D300B65CDE /* MZClockConfigItem.m in Sources */,
				13E9FED61C42D74A00F204A3 /* MZDateCalc.m in Sources */,
				1314945419BE071800496351 /* MZCalendarControl.m in Sources */,
				13BEBE1C19C8EAC6009C7B76 /* VCSettings.m in Sources */,
				134E392C19BA107B004FA01A /* main.m in Sources */,
				134E3A0519BA1388004FA01A /* MZStatusItemView.m in Sources */,
				1300F5FF19BCE700006E8FD9 /* MZClockItem.m in Sources */,
				1313723519C3552E00B65CDE /* MZVistaClockPreferences.m in Sources */,
				132E0AB219D3211E00CC9CF6 /* MZClockConfig.m in Sources */,
				134E393319BA107B004FA01A /* MZVistaClockAppDelegate.m in Sources */,
				1300F5FD19BCE700006E8FD9 /* MZClockControl.m in Sources */,
				1300F60019BCE700006E8FD9 /* NSDate+Tools.m in Sources */,
				1300F5FE19BCE700006E8FD9 /* MZClockControlCell.m in Sources */,
			);
			runOnlyForDeploymentPostprocessing = 0;
		};
/* End PBXSourcesBuildPhase section */

/* Begin PBXVariantGroup section */
		134E392819BA107B004FA01A /* InfoPlist.strings */ = {
			isa = PBXVariantGroup;
			children = (
				134E392919BA107B004FA01A /* en */,
			);
			name = InfoPlist.strings;
			sourceTree = "<group>";
		};
		134E392E19BA107B004FA01A /* Credits.rtf */ = {
			isa = PBXVariantGroup;
			children = (
				134E392F19BA107B004FA01A /* en */,
			);
			name = Credits.rtf;
			sourceTree = "<group>";
		};
		134E394619BA107B004FA01A /* InfoPlist.strings */ = {
			isa = PBXVariantGroup;
			children = (
				134E394719BA107B004FA01A /* en */,
			);
			name = InfoPlist.strings;
			sourceTree = "<group>";
		};
		13A4EB4D19EDA6E70031D4DE /* MainMenu.xib */ = {
			isa = PBXVariantGroup;
			children = (
				13A4EB4E19EDA6E70031D4DE /* en */,
			);
			name = MainMenu.xib;
			sourceTree = "<group>";
		};
/* End PBXVariantGroup section */

/* Begin XCBuildConfiguration section */
		134E394B19BA107B004FA01A /* Debug */ = {
			isa = XCBuildConfiguration;
			buildSettings = {
				ALWAYS_SEARCH_USER_PATHS = NO;
				CLANG_CXX_LANGUAGE_STANDARD = "gnu++0x";
				CLANG_CXX_LIBRARY = "libc++";
				CLANG_ENABLE_MODULES = YES;
				CLANG_ENABLE_OBJC_ARC = YES;
				CLANG_WARN_BOOL_CONVERSION = YES;
				CLANG_WARN_CONSTANT_CONVERSION = YES;
				CLANG_WARN_DIRECT_OBJC_ISA_USAGE = YES_ERROR;
				CLANG_WARN_EMPTY_BODY = YES;
				CLANG_WARN_ENUM_CONVERSION = YES;
				CLANG_WARN_INT_CONVERSION = YES;
				CLANG_WARN_OBJC_ROOT_CLASS = YES_ERROR;
				CLANG_WARN__DUPLICATE_METHOD_MATCH = YES;
				CODE_SIGN_IDENTITY = "Mac Developer";
				COPY_PHASE_STRIP = YES;
				ENABLE_TESTABILITY = YES;
				GCC_C_LANGUAGE_STANDARD = gnu99;
				GCC_DYNAMIC_NO_PIC = NO;
				GCC_ENABLE_OBJC_EXCEPTIONS = YES;
				GCC_OPTIMIZATION_LEVEL = 0;
				GCC_PREPROCESSOR_DEFINITIONS = (
					"DEBUG=1",
					"$(inherited)",
				);
				GCC_SYMBOLS_PRIVATE_EXTERN = NO;
				GCC_WARN_64_TO_32_BIT_CONVERSION = YES;
				GCC_WARN_ABOUT_RETURN_TYPE = YES_ERROR;
				GCC_WARN_UNDECLARED_SELECTOR = YES;
				GCC_WARN_UNINITIALIZED_AUTOS = YES_AGGRESSIVE;
				GCC_WARN_UNUSED_FUNCTION = YES;
				GCC_WARN_UNUSED_VARIABLE = YES;
				MACOSX_DEPLOYMENT_TARGET = 10.8;
				ONLY_ACTIVE_ARCH = YES;
				SDKROOT = macosx;
			};
			name = Debug;
		};
		134E394C19BA107B004FA01A /* Release */ = {
			isa = XCBuildConfiguration;
			buildSettings = {
				ALWAYS_SEARCH_USER_PATHS = NO;
				CLANG_CXX_LANGUAGE_STANDARD = "gnu++0x";
				CLANG_CXX_LIBRARY = "libc++";
				CLANG_ENABLE_MODULES = YES;
				CLANG_ENABLE_OBJC_ARC = YES;
				CLANG_WARN_BOOL_CONVERSION = YES;
				CLANG_WARN_CONSTANT_CONVERSION = YES;
				CLANG_WARN_DIRECT_OBJC_ISA_USAGE = YES_ERROR;
				CLANG_WARN_EMPTY_BODY = YES;
				CLANG_WARN_ENUM_CONVERSION = YES;
				CLANG_WARN_INT_CONVERSION = YES;
				CLANG_WARN_OBJC_ROOT_CLASS = YES_ERROR;
				CLANG_WARN__DUPLICATE_METHOD_MATCH = YES;
				CODE_SIGN_IDENTITY = "Mac Developer";
				COPY_PHASE_STRIP = YES;
				DEBUG_INFORMATION_FORMAT = "dwarf-with-dsym";
				ENABLE_NS_ASSERTIONS = NO;
				GCC_C_LANGUAGE_STANDARD = gnu99;
				GCC_ENABLE_OBJC_EXCEPTIONS = YES;
				GCC_WARN_64_TO_32_BIT_CONVERSION = YES;
				GCC_WARN_ABOUT_RETURN_TYPE = YES_ERROR;
				GCC_WARN_UNDECLARED_SELECTOR = YES;
				GCC_WARN_UNINITIALIZED_AUTOS = YES_AGGRESSIVE;
				GCC_WARN_UNUSED_FUNCTION = YES;
				GCC_WARN_UNUSED_VARIABLE = YES;
				MACOSX_DEPLOYMENT_TARGET = 10.8;
				SDKROOT = macosx;
			};
			name = Release;
		};
		134E394E19BA107B004FA01A /* Debug */ = {
			isa = XCBuildConfiguration;
			buildSettings = {
				CODE_SIGN_ENTITLEMENTS = VistaClock/VistaClock.entitlements;
				CODE_SIGN_IDENTITY = "Mac Developer";
				"CODE_SIGN_IDENTITY[sdk=macosx*]" = "Mac Developer";
				COMBINE_HIDPI_IMAGES = YES;
				COPY_PHASE_STRIP = NO;
				GCC_PRECOMPILE_PREFIX_HEADER = YES;
				GCC_PREFIX_HEADER = "VistaClock/VistaClock-Prefix.pch";
				INFOPLIST_FILE = "VistaClock/VistaClock-Info.plist";
				MACOSX_DEPLOYMENT_TARGET = 10.8;
				PRODUCT_BUNDLE_IDENTIFIER = "com.Mazookie.$(PRODUCT_NAME:rfc1034identifier)";
				PRODUCT_NAME = "$(TARGET_NAME)";
				PROVISIONING_PROFILE = "";
				WRAPPER_EXTENSION = app;
			};
			name = Debug;
		};
		134E394F19BA107B004FA01A /* Release */ = {
			isa = XCBuildConfiguration;
			buildSettings = {
				CODE_SIGN_ENTITLEMENTS = VistaClock/VistaClock.entitlements;
				CODE_SIGN_IDENTITY = "Mac Developer";
				"CODE_SIGN_IDENTITY[sdk=macosx*]" = "Mac Developer";
				COMBINE_HIDPI_IMAGES = YES;
				COPY_PHASE_STRIP = NO;
				GCC_PRECOMPILE_PREFIX_HEADER = YES;
				GCC_PREFIX_HEADER = "VistaClock/VistaClock-Prefix.pch";
				INFOPLIST_FILE = "VistaClock/VistaClock-Info.plist";
				MACOSX_DEPLOYMENT_TARGET = 10.8;
				PRODUCT_BUNDLE_IDENTIFIER = "com.Mazookie.$(PRODUCT_NAME:rfc1034identifier)";
				PRODUCT_NAME = "$(TARGET_NAME)";
				PROVISIONING_PROFILE = "";
				WRAPPER_EXTENSION = app;
			};
			name = Release;
		};
/* End XCBuildConfiguration section */

/* Begin XCConfigurationList section */
		134E391719BA107A004FA01A /* Build configuration list for PBXProject "VistaClock" */ = {
			isa = XCConfigurationList;
			buildConfigurations = (
				134E394B19BA107B004FA01A /* Debug */,
				134E394C19BA107B004FA01A /* Release */,
			);
			defaultConfigurationIsVisible = 0;
			defaultConfigurationName = Release;
		};
		134E394D19BA107B004FA01A /* Build configuration list for PBXNativeTarget "VistaClock" */ = {
			isa = XCConfigurationList;
			buildConfigurations = (
				134E394E19BA107B004FA01A /* Debug */,
				134E394F19BA107B004FA01A /* Release */,
			);
			defaultConfigurationIsVisible = 0;
			defaultConfigurationName = Release;
		};
/* End XCConfigurationList section */
	};
	rootObject = 134E391419BA107A004FA01A /* Project object */;
}
