// !$*UTF8*$!
{
	archiveVersion = 1;
	classes = {
	};
	objectVersion = 46;
	objects = {

/* Begin PBXBuildFile section */
		133248411BA4839800CFAA7B /* mazookie_icon.icns in Resources */ = {isa = PBXBuildFile; fileRef = 133248401BA4839800CFAA7B /* mazookie_icon.icns */; };
		13785DC015D5385F00D9D1D3 /* Cocoa.framework in Frameworks */ = {isa = PBXBuildFile; fileRef = 13785DBF15D5385F00D9D1D3 /* Cocoa.framework */; };
		13785DCA15D5385F00D9D1D3 /* InfoPlist.strings in Resources */ = {isa = PBXBuildFile; fileRef = 13785DC815D5385F00D9D1D3 /* InfoPlist.strings */; };
		13785DCC15D5385F00D9D1D3 /* main.m in Sources */ = {isa = PBXBuildFile; fileRef = 13785DCB15D5385F00D9D1D3 /* main.m */; };
		13785DD015D5385F00D9D1D3 /* Credits.rtf in Resources */ = {isa = PBXBuildFile; fileRef = 13785DCE15D5385F00D9D1D3 /* Credits.rtf */; };
		13785DD315D5385F00D9D1D3 /* MZAppDelegate.m in Sources */ = {isa = PBXBuildFile; fileRef = 13785DD215D5385F00D9D1D3 /* MZAppDelegate.m */; };
		13785DD615D5385F00D9D1D3 /* MainMenu.xib in Resources */ = {isa = PBXBuildFile; fileRef = 13785DD415D5385F00D9D1D3 /* MainMenu.xib */; };
/* End PBXBuildFile section */

/* Begin PBXFileReference section */
		133248401BA4839800CFAA7B /* mazookie_icon.icns */ = {isa = PBXFileReference; lastKnownFileType = image.icns; path = mazookie_icon.icns; sourceTree = "<group>"; };
		13785DBB15D5385F00D9D1D3 /* VistaClockLoginHelper.app */ = {isa = PBXFileReference; explicitFileType = wrapper.application; includeInIndex = 0; path = VistaClockLoginHelper.app; sourceTree = BUILT_PRODUCTS_DIR; };
		13785DBF15D5385F00D9D1D3 /* Cocoa.framework */ = {isa = PBXFileReference; lastKnownFileType = wrapper.framework; name = Cocoa.framework; path = System/Library/Frameworks/Cocoa.framework; sourceTree = SDKROOT; };
		13785DC215D5385F00D9D1D3 /* AppKit.framework */ = {isa = PBXFileReference; lastKnownFileType = wrapper.framework; name = AppKit.framework; path = System/Library/Frameworks/AppKit.framework; sourceTree = SDKROOT; };
		13785DC315D5385F00D9D1D3 /* CoreData.framework */ = {isa = PBXFileReference; lastKnownFileType = wrapper.framework; name = CoreData.framework; path = System/Library/Frameworks/CoreData.framework; sourceTree = SDKROOT; };
		13785DC415D5385F00D9D1D3 /* Foundation.framework */ = {isa = PBXFileReference; lastKnownFileType = wrapper.framework; name = Foundation.framework; path = System/Library/Frameworks/Foundation.framework; sourceTree = SDKROOT; };
		13785DC715D5385F00D9D1D3 /* VistaClockLoginHelper-Info.plist */ = {isa = PBXFileReference; lastKnownFileType = text.plist.xml; path = "VistaClockLoginHelper-Info.plist"; sourceTree = "<group>"; };
		13785DC915D5385F00D9D1D3 /* en */ = {isa = PBXFileReference; lastKnownFileType = text.plist.strings; name = en; path = en.lproj/InfoPlist.strings; sourceTree = "<group>"; };
		13785DCB15D5385F00D9D1D3 /* main.m */ = {isa = PBXFileReference; lastKnownFileType = sourcecode.c.objc; path = main.m; sourceTree = "<group>"; };
		13785DCD15D5385F00D9D1D3 /* VistaClockLoginHelper-Prefix.pch */ = {isa = PBXFileReference; lastKnownFileType = sourcecode.c.h; path = "VistaClockLoginHelper-Prefix.pch"; sourceTree = "<group>"; };
		13785DCF15D5385F00D9D1D3 /* en */ = {isa = PBXFileReference; lastKnownFileType = text.rtf; name = en; path = en.lproj/Credits.rtf; sourceTree = "<group>"; };
		13785DD115D5385F00D9D1D3 /* MZAppDelegate.h */ = {isa = PBXFileReference; lastKnownFileType = sourcecode.c.h; path = MZAppDelegate.h; sourceTree = "<group>"; };
		13785DD215D5385F00D9D1D3 /* MZAppDelegate.m */ = {isa = PBXFileReference; lastKnownFileType = sourcecode.c.objc; path = MZAppDelegate.m; sourceTree = "<group>"; };
		13785DD515D5385F00D9D1D3 /* en */ = {isa = PBXFileReference; lastKnownFileType = file.xib; name = en; path = en.lproj/MainMenu.xib; sourceTree = "<group>"; };
		13785DE315D53B9E00D9D1D3 /* VistaClockLoginHelper.entitlements */ = {isa = PBXFileReference; lastKnownFileType = text.xml; path = VistaClockLoginHelper.entitlements; sourceTree = "<group>"; };
/* End PBXFileReference section */

/* Begin PBXFrameworksBuildPhase section */
		13785DB815D5385F00D9D1D3 /* Frameworks */ = {
			isa = PBXFrameworksBuildPhase;
			buildActionMask = 2147483647;
			files = (
				13785DC015D5385F00D9D1D3 /* Cocoa.framework in Frameworks */,
			);
			runOnlyForDeploymentPostprocessing = 0;
		};
/* End PBXFrameworksBuildPhase section */

/* Begin PBXGroup section */
		13785DB015D5385F00D9D1D3 = {
			isa = PBXGroup;
			children = (
				133248401BA4839800CFAA7B /* mazookie_icon.icns */,
				13785DC515D5385F00D9D1D3 /* VistaClockLoginHelper */,
				13785DBE15D5385F00D9D1D3 /* Frameworks */,
				13785DBC15D5385F00D9D1D3 /* Products */,
			);
			sourceTree = "<group>";
		};
		13785DBC15D5385F00D9D1D3 /* Products */ = {
			isa = PBXGroup;
			children = (
				13785DBB15D5385F00D9D1D3 /* VistaClockLoginHelper.app */,
			);
			name = Products;
			sourceTree = "<group>";
		};
		13785DBE15D5385F00D9D1D3 /* Frameworks */ = {
			isa = PBXGroup;
			children = (
				13785DBF15D5385F00D9D1D3 /* Cocoa.framework */,
				13785DC115D5385F00D9D1D3 /* Other Frameworks */,
			);
			name = Frameworks;
			sourceTree = "<group>";
		};
		13785DC115D5385F00D9D1D3 /* Other Frameworks */ = {
			isa = PBXGroup;
			children = (
				13785DC215D5385F00D9D1D3 /* AppKit.framework */,
				13785DC315D5385F00D9D1D3 /* CoreData.framework */,
				13785DC415D5385F00D9D1D3 /* Foundation.framework */,
			);
			name = "Other Frameworks";
			sourceTree = "<group>";
		};
		13785DC515D5385F00D9D1D3 /* VistaClockLoginHelper */ = {
			isa = PBXGroup;
			children = (
				13785DE315D53B9E00D9D1D3 /* VistaClockLoginHelper.entitlements */,
				13785DD115D5385F00D9D1D3 /* MZAppDelegate.h */,
				13785DD215D5385F00D9D1D3 /* MZAppDelegate.m */,
				13785DD415D5385F00D9D1D3 /* MainMenu.xib */,
				13785DC615D5385F00D9D1D3 /* Supporting Files */,
			);
			path = VistaClockLoginHelper;
			sourceTree = "<group>";
		};
		13785DC615D5385F00D9D1D3 /* Supporting Files */ = {
			isa = PBXGroup;
			children = (
				13785DC715D5385F00D9D1D3 /* VistaClockLoginHelper-Info.plist */,
				13785DC815D5385F00D9D1D3 /* InfoPlist.strings */,
				13785DCB15D5385F00D9D1D3 /* main.m */,
				13785DCD15D5385F00D9D1D3 /* VistaClockLoginHelper-Prefix.pch */,
				13785DCE15D5385F00D9D1D3 /* Credits.rtf */,
			);
			name = "Supporting Files";
			sourceTree = "<group>";
		};
/* End PBXGroup section */

/* Begin PBXNativeTarget section */
		13785DBA15D5385F00D9D1D3 /* VistaClockLoginHelper */ = {
			isa = PBXNativeTarget;
			buildConfigurationList = 13785DD915D5385F00D9D1D3 /* Build configuration list for PBXNativeTarget "VistaClockLoginHelper" */;
			buildPhases = (
				13785DB715D5385F00D9D1D3 /* Sources */,
				13785DB815D5385F00D9D1D3 /* Frameworks */,
				13785DB915D5385F00D9D1D3 /* Resources */,
			);
			buildRules = (
			);
			dependencies = (
			);
			name = VistaClockLoginHelper;
			productName = VistaClockLoginHelper;
			productReference = 13785DBB15D5385F00D9D1D3 /* VistaClockLoginHelper.app */;
			productType = "com.apple.product-type.application";
		};
/* End PBXNativeTarget section */

/* Begin PBXProject section */
		13785DB215D5385F00D9D1D3 /* Project object */ = {
			isa = PBXProject;
			attributes = {
				CLASSPREFIX = MZ;
				LastUpgradeCheck = 0500;
				ORGANIZATIONNAME = "Mazookie, LLC";
			};
			buildConfigurationList = 13785DB515D5385F00D9D1D3 /* Build configuration list for PBXProject "VistaClockLoginHelper" */;
			compatibilityVersion = "Xcode 3.2";
			developmentRegion = English;
			hasScannedForEncodings = 0;
			knownRegions = (
				en,
			);
			mainGroup = 13785DB015D5385F00D9D1D3;
			productRefGroup = 13785DBC15D5385F00D9D1D3 /* Products */;
			projectDirPath = "";
			projectRoot = "";
			targets = (
				13785DBA15D5385F00D9D1D3 /* VistaClockLoginHelper */,
			);
		};
/* End PBXProject section */

/* Begin PBXResourcesBuildPhase section */
		13785DB915D5385F00D9D1D3 /* Resources */ = {
			isa = PBXResourcesBuildPhase;
			buildActionMask = 2147483647;
			files = (
				133248411BA4839800CFAA7B /* mazookie_icon.icns in Resources */,
				13785DCA15D5385F00D9D1D3 /* InfoPlist.strings in Resources */,
				13785DD015D5385F00D9D1D3 /* Credits.rtf in Resources */,
				13785DD615D5385F00D9D1D3 /* MainMenu.xib in Resources */,
			);
			runOnlyForDeploymentPostprocessing = 0;
		};
/* End PBXResourcesBuildPhase section */

/* Begin PBXSourcesBuildPhase section */
		13785DB715D5385F00D9D1D3 /* Sources */ = {
			isa = PBXSourcesBuildPhase;
			buildActionMask = 2147483647;
			files = (
				13785DCC15D5385F00D9D1D3 /* main.m in Sources */,
				13785DD315D5385F00D9D1D3 /* MZAppDelegate.m in Sources */,
			);
			runOnlyForDeploymentPostprocessing = 0;
		};
/* End PBXSourcesBuildPhase section */

/* Begin PBXVariantGroup section */
		13785DC815D5385F00D9D1D3 /* InfoPlist.strings */ = {
			isa = PBXVariantGroup;
			children = (
				13785DC915D5385F00D9D1D3 /* en */,
			);
			name = InfoPlist.strings;
			sourceTree = "<group>";
		};
		13785DCE15D5385F00D9D1D3 /* Credits.rtf */ = {
			isa = PBXVariantGroup;
			children = (
				13785DCF15D5385F00D9D1D3 /* en */,
			);
			name = Credits.rtf;
			sourceTree = "<group>";
		};
		13785DD415D5385F00D9D1D3 /* MainMenu.xib */ = {
			isa = PBXVariantGroup;
			children = (
				13785DD515D5385F00D9D1D3 /* en */,
			);
			name = MainMenu.xib;
			sourceTree = "<group>";
		};
/* End PBXVariantGroup section */

/* Begin XCBuildConfiguration section */
		13785DD715D5385F00D9D1D3 /* Debug */ = {
			isa = XCBuildConfiguration;
			buildSettings = {
				ALWAYS_SEARCH_USER_PATHS = NO;
				CLANG_CXX_LANGUAGE_STANDARD = "gnu++0x";
				CLANG_WARN__DUPLICATE_METHOD_MATCH = YES;
				CODE_SIGN_IDENTITY = "";
				COPY_PHASE_STRIP = NO;
				GCC_C_LANGUAGE_STANDARD = gnu99;
				GCC_DYNAMIC_NO_PIC = NO;
				GCC_ENABLE_OBJC_EXCEPTIONS = YES;
				GCC_OPTIMIZATION_LEVEL = 0;
				GCC_PREPROCESSOR_DEFINITIONS = (
					"DEBUG=1",
					"$(inherited)",
				);
				GCC_SYMBOLS_PRIVATE_EXTERN = NO;
				GCC_WARN_64_TO_32_BIT_CONVERSION = YES;
				GCC_WARN_ABOUT_RETURN_TYPE = YES;
				GCC_WARN_UNINITIALIZED_AUTOS = YES;
				GCC_WARN_UNUSED_VARIABLE = YES;
				MACOSX_DEPLOYMENT_TARGET = 10.10;
				ONLY_ACTIVE_ARCH = YES;
				PROVISIONING_PROFILE = "";
				SDKROOT = macosx;
			};
			name = Debug;
		};
		13785DD815D5385F00D9D1D3 /* Release */ = {
			isa = XCBuildConfiguration;
			buildSettings = {
				ALWAYS_SEARCH_USER_PATHS = NO;
				CLANG_CXX_LANGUAGE_STANDARD = "gnu++0x";
				CLANG_WARN__DUPLICATE_METHOD_MATCH = YES;
				CODE_SIGN_IDENTITY = "";
				COPY_PHASE_STRIP = YES;
				DEBUG_INFORMATION_FORMAT = "dwarf-with-dsym";
				GCC_C_LANGUAGE_STANDARD = gnu99;
				GCC_ENABLE_OBJC_EXCEPTIONS = YES;
				GCC_WARN_64_TO_32_BIT_CONVERSION = YES;
				GCC_WARN_ABOUT_RETURN_TYPE = YES;
				GCC_WARN_UNINITIALIZED_AUTOS = YES;
				GCC_WARN_UNUSED_VARIABLE = YES;
				MACOSX_DEPLOYMENT_TARGET = 10.10;
				PROVISIONING_PROFILE = "";
				SDKROOT = macosx;
			};
			name = Release;
		};
		13785DDA15D5385F00D9D1D3 /* Debug */ = {
			isa = XCBuildConfiguration;
			buildSettings = {
				CODE_SIGN_ENTITLEMENTS = VistaClockLoginHelper/VistaClockLoginHelper.entitlements;
				CODE_SIGN_IDENTITY = "Mac Developer";
				COMBINE_HIDPI_IMAGES = YES;
				GCC_PRECOMPILE_PREFIX_HEADER = YES;
				GCC_PREFIX_HEADER = "VistaClockLoginHelper/VistaClockLoginHelper-Prefix.pch";
				INFOPLIST_FILE = "VistaClockLoginHelper/VistaClockLoginHelper-Info.plist";
				MACOSX_DEPLOYMENT_TARGET = 10.10;
				PRODUCT_NAME = "$(TARGET_NAME)";
				PROVISIONING_PROFILE = "";
				SKIP_INSTALL = YES;
				WRAPPER_EXTENSION = app;
			};
			name = Debug;
		};
		13785DDB15D5385F00D9D1D3 /* Release */ = {
			isa = XCBuildConfiguration;
			buildSettings = {
				CODE_SIGN_ENTITLEMENTS = VistaClockLoginHelper/VistaClockLoginHelper.entitlements;
				CODE_SIGN_IDENTITY = "Mac Developer";
				COMBINE_HIDPI_IMAGES = YES;
				GCC_PRECOMPILE_PREFIX_HEADER = YES;
				GCC_PREFIX_HEADER = "VistaClockLoginHelper/VistaClockLoginHelper-Prefix.pch";
				INFOPLIST_FILE = "VistaClockLoginHelper/VistaClockLoginHelper-Info.plist";
				MACOSX_DEPLOYMENT_TARGET = 10.10;
				PRODUCT_NAME = "$(TARGET_NAME)";
				PROVISIONING_PROFILE = "";
				SKIP_INSTALL = YES;
				WRAPPER_EXTENSION = app;
			};
			name = Release;
		};
/* End XCBuildConfiguration section */

/* Begin XCConfigurationList section */
		13785DB515D5385F00D9D1D3 /* Build configuration list for PBXProject "VistaClockLoginHelper" */ = {
			isa = XCConfigurationList;
			buildConfigurations = (
				13785DD715D5385F00D9D1D3 /* Debug */,
				13785DD815D5385F00D9D1D3 /* Release */,
			);
			defaultConfigurationIsVisible = 0;
			defaultConfigurationName = Release;
		};
		13785DD915D5385F00D9D1D3 /* Build configuration list for PBXNativeTarget "VistaClockLoginHelper" */ = {
			isa = XCConfigurationList;
			buildConfigurations = (
				13785DDA15D5385F00D9D1D3 /* Debug */,
				13785DDB15D5385F00D9D1D3 /* Release */,
			);
			defaultConfigurationIsVisible = 0;
			defaultConfigurationName = Release;
		};
/* End XCConfigurationList section */
	};
	rootObject = 13785DB215D5385F00D9D1D3 /* Project object */;
}
